
Microsoft Visual Studio Solution File, Format Version 12.00
# Visual Studio Version 16
VisualStudioVersion = 16.0.30002.166
MinimumVisualStudioVersion = 10.0.40219.1
Project("{FAE04EC0-301F-11D3-BF4B-00C04F79EFBC}") = "XamarinsingleApp1", "XamarinsingleApp1\XamarinsingleApp1.csproj", "{47FBE934-32C0-4C3B-853B-47CFE1252522}"
EndProject
Global
	GlobalSection(SolutionConfigurationPlatforms) = preSolution
		Debug|Any CPU = Debug|Any CPU
		Release|Any CPU = Release|Any CPU
	EndGlobalSection
	GlobalSection(ProjectConfigurationPlatforms) = postSolution
		{47FBE934-32C0-4C3B-853B-47CFE1252522}.Debug|Any CPU.ActiveCfg = Debug|Any CPU
		{47FBE934-32C0-4C3B-853B-47CFE1252522}.Debug|Any CPU.Build.0 = Debug|Any CPU
		{47FBE934-32C0-4C3B-853B-47CFE1252522}.Debug|Any CPU.Deploy.0 = Debug|Any CPU
		{47FBE934-32C0-4C3B-853B-47CFE1252522}.Release|Any CPU.ActiveCfg = Release|Any CPU
		{47FBE934-32C0-4C3B-853B-47CFE1252522}.Release|Any CPU.Build.0 = Release|Any CPU
		{47FBE934-32C0-4C3B-853B-47CFE1252522}.Release|Any CPU.Deploy.0 = Release|Any CPU
	EndGlobalSection
	GlobalSection(SolutionProperties) = preSolution
		HideSolutionNode = FALSE
	EndGlobalSection
	GlobalSection(ExtensibilityGlobals) = postSolution
		SolutionGuid = {FF641D56-6E5A-4C01-BC3C-3D824CC6FFD4}
	EndGlobalSection
EndGlobal
